
Microsoft Visual Studio Solution File, Format Version 12.00
# Visual Studio 15
Project("{FAE04EC0-301F-11D3-BF4B-00C04F79EFBC}") = "UnityEngine.TestRunner", "UnityEngine.TestRunner.csproj", "{CAA17C09-C68A-8A2A-2C05-1594C26D1B7A}"
EndProject
Project("{FAE04EC0-301F-11D3-BF4B-00C04F79EFBC}") = "UnityEngine.UI", "UnityEngine.UI.csproj", "{79338BB9-1E6B-C951-B00B-8B58AF1BFC6B}"
EndProject
Project("{FAE04EC0-301F-11D3-BF4B-00C04F79EFBC}") = "Unity.VisualScripting.Flow", "Unity.VisualScripting.Flow.csproj", "{3DAABB89-1ECC-E887-5D3B-96250CF4B181}"
EndProject
Project("{FAE04EC0-301F-11D3-BF4B-00C04F79EFBC}") = "Unity.VisualScripting.State", "Unity.VisualScripting.State.csproj", "{C92116D3-A222-39A6-DDF7-8073E3B58910}"
EndProject
Project("{FAE04EC0-301F-11D3-BF4B-00C04F79EFBC}") = "Unity.VisualScripting.Core", "Unity.VisualScripting.Core.csproj", "{9E20F061-6C0A-DB40-53C6-774372233369}"
EndProject
Project("{FAE04EC0-301F-11D3-BF4B-00C04F79EFBC}") = "Unity.TextMeshPro", "Unity.TextMeshPro.csproj", "{455B5930-6AEA-1DF7-FFDD-1558301E42EA}"
EndProject
Project("{FAE04EC0-301F-11D3-BF4B-00C04F79EFBC}") = "Unity.Timeline", "Unity.Timeline.csproj", "{E941AB40-2B36-060F-8B77-F81B0CB64BB7}"
EndProject
Project("{FAE04EC0-301F-11D3-BF4B-00C04F79EFBC}") = "TTWebGL", "TTWebGL.csproj", "{EFF1449F-2F2B-7D5E-E37B-0087A3DD641E}"
EndProject
Project("{FAE04EC0-301F-11D3-BF4B-00C04F79EFBC}") = "Assembly-CSharp", "Assembly-CSharp.csproj", "{C92A4D47-D475-A331-9B33-5C0D45DA5E94}"
EndProject
Project("{FAE04EC0-301F-11D3-BF4B-00C04F79EFBC}") = "TTLitJson", "TTLitJson.csproj", "{8D909816-9630-07AA-4D52-B8BD1AAE6EA9}"
EndProject
Project("{FAE04EC0-301F-11D3-BF4B-00C04F79EFBC}") = "Unity.PlasticSCM.Editor", "Unity.PlasticSCM.Editor.csproj", "{064F6C57-F3B5-647D-A2E0-6A895EB913E2}"
EndProject
Project("{FAE04EC0-301F-11D3-BF4B-00C04F79EFBC}") = "Unity.VisualScripting.Core.Editor", "Unity.VisualScripting.Core.Editor.csproj", "{6CDB3CB3-73D7-704A-AD31-2B0014C0F1CC}"
EndProject
Project("{FAE04EC0-301F-11D3-BF4B-00C04F79EFBC}") = "Unity.VisualScripting.Flow.Editor", "Unity.VisualScripting.Flow.Editor.csproj", "{7DA68491-6450-CAFC-F300-70CE34AC24E7}"
EndProject
Project("{FAE04EC0-301F-11D3-BF4B-00C04F79EFBC}") = "Unity.VisualStudio.Editor", "Unity.VisualStudio.Editor.csproj", "{00B385CB-4264-8EFF-DBF2-C1028C72CF30}"
EndProject
Project("{FAE04EC0-301F-11D3-BF4B-00C04F79EFBC}") = "Unity.Timeline.Editor", "Unity.Timeline.Editor.csproj", "{9CBF63B7-3B19-FF10-49E8-0B3F0983CFF3}"
EndProject
Project("{FAE04EC0-301F-11D3-BF4B-00C04F79EFBC}") = "Unity.VisualScripting.State.Editor", "Unity.VisualScripting.State.Editor.csproj", "{66E58215-428F-86D2-D6B3-AC713BA83B04}"
EndProject
Project("{FAE04EC0-301F-11D3-BF4B-00C04F79EFBC}") = "Unity.TextMeshPro.Editor", "Unity.TextMeshPro.Editor.csproj", "{63BCCAC3-7569-59CA-06BE-BBB65A20F7D1}"
EndProject
Project("{FAE04EC0-301F-11D3-BF4B-00C04F79EFBC}") = "Unity.VisualScripting.SettingsProvider.Editor", "Unity.VisualScripting.SettingsProvider.Editor.csproj", "{A621BC7A-E3D1-4330-B1EE-9AB92A2E1DD0}"
EndProject
Project("{FAE04EC0-301F-11D3-BF4B-00C04F79EFBC}") = "UnityEditor.TestRunner", "UnityEditor.TestRunner.csproj", "{372808F9-722C-CEE4-627C-481D59E4E989}"
EndProject
Project("{FAE04EC0-301F-11D3-BF4B-00C04F79EFBC}") = "Unity.TestTools.CodeCoverage.Editor", "Unity.TestTools.CodeCoverage.Editor.csproj", "{9F217138-F839-67C8-099B-F2F3D8C7C90D}"
EndProject
Project("{FAE04EC0-301F-11D3-BF4B-00C04F79EFBC}") = "Unity.Rider.Editor", "Unity.Rider.Editor.csproj", "{48C5B953-2050-D410-51C6-DCC541307F2B}"
EndProject
Project("{FAE04EC0-301F-11D3-BF4B-00C04F79EFBC}") = "Unity.Performance.Profile-Analyzer.Editor", "Unity.Performance.Profile-Analyzer.Editor.csproj", "{B03C8021-1257-941E-5C72-F5DFB616D4AC}"
EndProject
Project("{FAE04EC0-301F-11D3-BF4B-00C04F79EFBC}") = "Unity.VSCode.Editor", "Unity.VSCode.Editor.csproj", "{83767E85-B9AF-7E3D-252B-7B448365B9CA}"
EndProject
Project("{FAE04EC0-301F-11D3-BF4B-00C04F79EFBC}") = "UnityEditor.UI", "UnityEditor.UI.csproj", "{809E0E60-D2F5-BA37-F505-3EB7819FE3A7}"
EndProject
Project("{FAE04EC0-301F-11D3-BF4B-00C04F79EFBC}") = "Unity.TestTools.CodeCoverage.Editor.OpenCover.Model", "Unity.TestTools.CodeCoverage.Editor.OpenCover.Model.csproj", "{7BB0A8CD-F6FF-039D-24FD-72116B1BFD5F}"
EndProject
Project("{FAE04EC0-301F-11D3-BF4B-00C04F79EFBC}") = "Unity.EditorCoroutines.Editor", "Unity.EditorCoroutines.Editor.csproj", "{CD007F46-6DB1-0C7B-D62B-19E5664F182E}"
EndProject
Project("{FAE04EC0-301F-11D3-BF4B-00C04F79EFBC}") = "Unity.Settings.Editor", "Unity.Settings.Editor.csproj", "{1884E4C4-6648-30CA-3403-F5A551E07D8E}"
EndProject
Project("{FAE04EC0-301F-11D3-BF4B-00C04F79EFBC}") = "Unity.CollabProxy.Editor", "Unity.CollabProxy.Editor.csproj", "{EBB520FA-9BBB-8085-CBC8-E29E99CFF38D}"
EndProject
Project("{FAE04EC0-301F-11D3-BF4B-00C04F79EFBC}") = "com.bytedance.ttsdk-editor", "com.bytedance.ttsdk-editor.csproj", "{49821FFE-B038-AA1C-CCF2-09A81CC1A602}"
EndProject
Project("{FAE04EC0-301F-11D3-BF4B-00C04F79EFBC}") = "Unity.TestTools.CodeCoverage.Editor.OpenCover.Mono.Reflection", "Unity.TestTools.CodeCoverage.Editor.OpenCover.Mono.Reflection.csproj", "{21523E69-A8D0-B578-36CD-F61BA0C4754F}"
EndProject
Project("{FAE04EC0-301F-11D3-BF4B-00C04F79EFBC}") = "Unity.VisualScripting.Shared.Editor", "Unity.VisualScripting.Shared.Editor.csproj", "{EB67D705-1424-832C-5199-0E116019A194}"
EndProject
Project("{FAE04EC0-301F-11D3-BF4B-00C04F79EFBC}") = "UnityEngine.TestRunner", "UnityEngine.TestRunner.Player.csproj", "{03B067E7-0D58-B328-230F-5D2B126A5617}"
EndProject
Project("{FAE04EC0-301F-11D3-BF4B-00C04F79EFBC}") = "UnityEngine.UI", "UnityEngine.UI.Player.csproj", "{F5620767-C326-F114-DFA3-C83ECE7A9DAE}"
EndProject
Project("{FAE04EC0-301F-11D3-BF4B-00C04F79EFBC}") = "Unity.VisualScripting.Flow", "Unity.VisualScripting.Flow.Player.csproj", "{6D44A319-87F3-42AA-ED89-2FCB52FAA76C}"
EndProject
Project("{FAE04EC0-301F-11D3-BF4B-00C04F79EFBC}") = "Unity.VisualScripting.State", "Unity.VisualScripting.State.Player.csproj", "{6536C6D0-CA40-B457-363D-0AE800C9C0D3}"
EndProject
Project("{FAE04EC0-301F-11D3-BF4B-00C04F79EFBC}") = "Unity.VisualScripting.Core", "Unity.VisualScripting.Core.Player.csproj", "{0669BC7C-1A49-638D-D34E-1E25ADAB07B2}"
EndProject
Project("{FAE04EC0-301F-11D3-BF4B-00C04F79EFBC}") = "Unity.TextMeshPro", "Unity.TextMeshPro.Player.csproj", "{32DB57EB-6C07-07D2-23F8-E27715BC07F0}"
EndProject
Project("{FAE04EC0-301F-11D3-BF4B-00C04F79EFBC}") = "Unity.Timeline", "Unity.Timeline.Player.csproj", "{39480644-FE06-53C2-2A05-AC916A2C8034}"
EndProject
Project("{FAE04EC0-301F-11D3-BF4B-00C04F79EFBC}") = "TTWebGL", "TTWebGL.Player.csproj", "{77D35031-059B-C6F8-6A06-D8E83D689549}"
EndProject
Project("{FAE04EC0-301F-11D3-BF4B-00C04F79EFBC}") = "Assembly-CSharp", "Assembly-CSharp.Player.csproj", "{B7D44548-B687-ED5E-B877-E8713C78F1E9}"
EndProject
Project("{FAE04EC0-301F-11D3-BF4B-00C04F79EFBC}") = "TTLitJson", "TTLitJson.Player.csproj", "{F75E623C-101F-3399-F949-A36D1BF14F47}"
EndProject
Global
	GlobalSection(SolutionConfigurationPlatforms) = preSolution
		Debug|Any CPU = Debug|Any CPU
		Release|Any CPU = Release|Any CPU
	EndGlobalSection
	GlobalSection(ProjectConfigurationPlatforms) = postSolution
		{CAA17C09-C68A-8A2A-2C05-1594C26D1B7A}.Debug|Any CPU.ActiveCfg = Debug|Any CPU
		{CAA17C09-C68A-8A2A-2C05-1594C26D1B7A}.Debug|Any CPU.Build.0 = Debug|Any CPU
		{CAA17C09-C68A-8A2A-2C05-1594C26D1B7A}.Release|Any CPU.ActiveCfg = Release|Any CPU
		{CAA17C09-C68A-8A2A-2C05-1594C26D1B7A}.Release|Any CPU.Build.0 = Release|Any CPU
		{79338BB9-1E6B-C951-B00B-8B58AF1BFC6B}.Debug|Any CPU.ActiveCfg = Debug|Any CPU
		{79338BB9-1E6B-C951-B00B-8B58AF1BFC6B}.Debug|Any CPU.Build.0 = Debug|Any CPU
		{79338BB9-1E6B-C951-B00B-8B58AF1BFC6B}.Release|Any CPU.ActiveCfg = Release|Any CPU
		{79338BB9-1E6B-C951-B00B-8B58AF1BFC6B}.Release|Any CPU.Build.0 = Release|Any CPU
		{3DAABB89-1ECC-E887-5D3B-96250CF4B181}.Debug|Any CPU.ActiveCfg = Debug|Any CPU
		{3DAABB89-1ECC-E887-5D3B-96250CF4B181}.Debug|Any CPU.Build.0 = Debug|Any CPU
		{3DAABB89-1ECC-E887-5D3B-96250CF4B181}.Release|Any CPU.ActiveCfg = Release|Any CPU
		{3DAABB89-1ECC-E887-5D3B-96250CF4B181}.Release|Any CPU.Build.0 = Release|Any CPU
		{C92116D3-A222-39A6-DDF7-8073E3B58910}.Debug|Any CPU.ActiveCfg = Debug|Any CPU
		{C92116D3-A222-39A6-DDF7-8073E3B58910}.Debug|Any CPU.Build.0 = Debug|Any CPU
		{C92116D3-A222-39A6-DDF7-8073E3B58910}.Release|Any CPU.ActiveCfg = Release|Any CPU
		{C92116D3-A222-39A6-DDF7-8073E3B58910}.Release|Any CPU.Build.0 = Release|Any CPU
		{9E20F061-6C0A-DB40-53C6-774372233369}.Debug|Any CPU.ActiveCfg = Debug|Any CPU
		{9E20F061-6C0A-DB40-53C6-774372233369}.Debug|Any CPU.Build.0 = Debug|Any CPU
		{9E20F061-6C0A-DB40-53C6-774372233369}.Release|Any CPU.ActiveCfg = Release|Any CPU
		{9E20F061-6C0A-DB40-53C6-774372233369}.Release|Any CPU.Build.0 = Release|Any CPU
		{455B5930-6AEA-1DF7-FFDD-1558301E42EA}.Debug|Any CPU.ActiveCfg = Debug|Any CPU
		{455B5930-6AEA-1DF7-FFDD-1558301E42EA}.Debug|Any CPU.Build.0 = Debug|Any CPU
		{455B5930-6AEA-1DF7-FFDD-1558301E42EA}.Release|Any CPU.ActiveCfg = Release|Any CPU
		{455B5930-6AEA-1DF7-FFDD-1558301E42EA}.Release|Any CPU.Build.0 = Release|Any CPU
		{E941AB40-2B36-060F-8B77-F81B0CB64BB7}.Debug|Any CPU.ActiveCfg = Debug|Any CPU
		{E941AB40-2B36-060F-8B77-F81B0CB64BB7}.Debug|Any CPU.Build.0 = Debug|Any CPU
		{E941AB40-2B36-060F-8B77-F81B0CB64BB7}.Release|Any CPU.ActiveCfg = Release|Any CPU
		{E941AB40-2B36-060F-8B77-F81B0CB64BB7}.Release|Any CPU.Build.0 = Release|Any CPU
		{EFF1449F-2F2B-7D5E-E37B-0087A3DD641E}.Debug|Any CPU.ActiveCfg = Debug|Any CPU
		{EFF1449F-2F2B-7D5E-E37B-0087A3DD641E}.Debug|Any CPU.Build.0 = Debug|Any CPU
		{EFF1449F-2F2B-7D5E-E37B-0087A3DD641E}.Release|Any CPU.ActiveCfg = Release|Any CPU
		{EFF1449F-2F2B-7D5E-E37B-0087A3DD641E}.Release|Any CPU.Build.0 = Release|Any CPU
		{C92A4D47-D475-A331-9B33-5C0D45DA5E94}.Debug|Any CPU.ActiveCfg = Debug|Any CPU
		{C92A4D47-D475-A331-9B33-5C0D45DA5E94}.Debug|Any CPU.Build.0 = Debug|Any CPU
		{C92A4D47-D475-A331-9B33-5C0D45DA5E94}.Release|Any CPU.ActiveCfg = Release|Any CPU
		{C92A4D47-D475-A331-9B33-5C0D45DA5E94}.Release|Any CPU.Build.0 = Release|Any CPU
		{8D909816-9630-07AA-4D52-B8BD1AAE6EA9}.Debug|Any CPU.ActiveCfg = Debug|Any CPU
		{8D909816-9630-07AA-4D52-B8BD1AAE6EA9}.Debug|Any CPU.Build.0 = Debug|Any CPU
		{8D909816-9630-07AA-4D52-B8BD1AAE6EA9}.Release|Any CPU.ActiveCfg = Release|Any CPU
		{8D909816-9630-07AA-4D52-B8BD1AAE6EA9}.Release|Any CPU.Build.0 = Release|Any CPU
		{064F6C57-F3B5-647D-A2E0-6A895EB913E2}.Debug|Any CPU.ActiveCfg = Debug|Any CPU
		{064F6C57-F3B5-647D-A2E0-6A895EB913E2}.Debug|Any CPU.Build.0 = Debug|Any CPU
		{064F6C57-F3B5-647D-A2E0-6A895EB913E2}.Release|Any CPU.ActiveCfg = Release|Any CPU
		{064F6C57-F3B5-647D-A2E0-6A895EB913E2}.Release|Any CPU.Build.0 = Release|Any CPU
		{6CDB3CB3-73D7-704A-AD31-2B0014C0F1CC}.Debug|Any CPU.ActiveCfg = Debug|Any CPU
		{6CDB3CB3-73D7-704A-AD31-2B0014C0F1CC}.Debug|Any CPU.Build.0 = Debug|Any CPU
		{6CDB3CB3-73D7-704A-AD31-2B0014C0F1CC}.Release|Any CPU.ActiveCfg = Release|Any CPU
		{6CDB3CB3-73D7-704A-AD31-2B0014C0F1CC}.Release|Any CPU.Build.0 = Release|Any CPU
		{7DA68491-6450-CAFC-F300-70CE34AC24E7}.Debug|Any CPU.ActiveCfg = Debug|Any CPU
		{7DA68491-6450-CAFC-F300-70CE34AC24E7}.Debug|Any CPU.Build.0 = Debug|Any CPU
		{7DA68491-6450-CAFC-F300-70CE34AC24E7}.Release|Any CPU.ActiveCfg = Release|Any CPU
		{7DA68491-6450-CAFC-F300-70CE34AC24E7}.Release|Any CPU.Build.0 = Release|Any CPU
		{00B385CB-4264-8EFF-DBF2-C1028C72CF30}.Debug|Any CPU.ActiveCfg = Debug|Any CPU
		{00B385CB-4264-8EFF-DBF2-C1028C72CF30}.Debug|Any CPU.Build.0 = Debug|Any CPU
		{00B385CB-4264-8EFF-DBF2-C1028C72CF30}.Release|Any CPU.ActiveCfg = Release|Any CPU
		{00B385CB-4264-8EFF-DBF2-C1028C72CF30}.Release|Any CPU.Build.0 = Release|Any CPU
		{9CBF63B7-3B19-FF10-49E8-0B3F0983CFF3}.Debug|Any CPU.ActiveCfg = Debug|Any CPU
		{9CBF63B7-3B19-FF10-49E8-0B3F0983CFF3}.Debug|Any CPU.Build.0 = Debug|Any CPU
		{9CBF63B7-3B19-FF10-49E8-0B3F0983CFF3}.Release|Any CPU.ActiveCfg = Release|Any CPU
		{9CBF63B7-3B19-FF10-49E8-0B3F0983CFF3}.Release|Any CPU.Build.0 = Release|Any CPU
		{66E58215-428F-86D2-D6B3-AC713BA83B04}.Debug|Any CPU.ActiveCfg = Debug|Any CPU
		{66E58215-428F-86D2-D6B3-AC713BA83B04}.Debug|Any CPU.Build.0 = Debug|Any CPU
		{66E58215-428F-86D2-D6B3-AC713BA83B04}.Release|Any CPU.ActiveCfg = Release|Any CPU
		{66E58215-428F-86D2-D6B3-AC713BA83B04}.Release|Any CPU.Build.0 = Release|Any CPU
		{63BCCAC3-7569-59CA-06BE-BBB65A20F7D1}.Debug|Any CPU.ActiveCfg = Debug|Any CPU
		{63BCCAC3-7569-59CA-06BE-BBB65A20F7D1}.Debug|Any CPU.Build.0 = Debug|Any CPU
		{63BCCAC3-7569-59CA-06BE-BBB65A20F7D1}.Release|Any CPU.ActiveCfg = Release|Any CPU
		{63BCCAC3-7569-59CA-06BE-BBB65A20F7D1}.Release|Any CPU.Build.0 = Release|Any CPU
		{A621BC7A-E3D1-4330-B1EE-9AB92A2E1DD0}.Debug|Any CPU.ActiveCfg = Debug|Any CPU
		{A621BC7A-E3D1-4330-B1EE-9AB92A2E1DD0}.Debug|Any CPU.Build.0 = Debug|Any CPU
		{A621BC7A-E3D1-4330-B1EE-9AB92A2E1DD0}.Release|Any CPU.ActiveCfg = Release|Any CPU
		{A621BC7A-E3D1-4330-B1EE-9AB92A2E1DD0}.Release|Any CPU.Build.0 = Release|Any CPU
		{372808F9-722C-CEE4-627C-481D59E4E989}.Debug|Any CPU.ActiveCfg = Debug|Any CPU
		{372808F9-722C-CEE4-627C-481D59E4E989}.Debug|Any CPU.Build.0 = Debug|Any CPU
		{372808F9-722C-CEE4-627C-481D59E4E989}.Release|Any CPU.ActiveCfg = Release|Any CPU
		{372808F9-722C-CEE4-627C-481D59E4E989}.Release|Any CPU.Build.0 = Release|Any CPU
		{9F217138-F839-67C8-099B-F2F3D8C7C90D}.Debug|Any CPU.ActiveCfg = Debug|Any CPU
		{9F217138-F839-67C8-099B-F2F3D8C7C90D}.Debug|Any CPU.Build.0 = Debug|Any CPU
		{9F217138-F839-67C8-099B-F2F3D8C7C90D}.Release|Any CPU.ActiveCfg = Release|Any CPU
		{9F217138-F839-67C8-099B-F2F3D8C7C90D}.Release|Any CPU.Build.0 = Release|Any CPU
		{48C5B953-2050-D410-51C6-DCC541307F2B}.Debug|Any CPU.ActiveCfg = Debug|Any CPU
		{48C5B953-2050-D410-51C6-DCC541307F2B}.Debug|Any CPU.Build.0 = Debug|Any CPU
		{48C5B953-2050-D410-51C6-DCC541307F2B}.Release|Any CPU.ActiveCfg = Release|Any CPU
		{48C5B953-2050-D410-51C6-DCC541307F2B}.Release|Any CPU.Build.0 = Release|Any CPU
		{B03C8021-1257-941E-5C72-F5DFB616D4AC}.Debug|Any CPU.ActiveCfg = Debug|Any CPU
		{B03C8021-1257-941E-5C72-F5DFB616D4AC}.Debug|Any CPU.Build.0 = Debug|Any CPU
		{B03C8021-1257-941E-5C72-F5DFB616D4AC}.Release|Any CPU.ActiveCfg = Release|Any CPU
		{B03C8021-1257-941E-5C72-F5DFB616D4AC}.Release|Any CPU.Build.0 = Release|Any CPU
		{83767E85-B9AF-7E3D-252B-7B448365B9CA}.Debug|Any CPU.ActiveCfg = Debug|Any CPU
		{83767E85-B9AF-7E3D-252B-7B448365B9CA}.Debug|Any CPU.Build.0 = Debug|Any CPU
		{83767E85-B9AF-7E3D-252B-7B448365B9CA}.Release|Any CPU.ActiveCfg = Release|Any CPU
		{83767E85-B9AF-7E3D-252B-7B448365B9CA}.Release|Any CPU.Build.0 = Release|Any CPU
		{809E0E60-D2F5-BA37-F505-3EB7819FE3A7}.Debug|Any CPU.ActiveCfg = Debug|Any CPU
		{809E0E60-D2F5-BA37-F505-3EB7819FE3A7}.Debug|Any CPU.Build.0 = Debug|Any CPU
		{809E0E60-D2F5-BA37-F505-3EB7819FE3A7}.Release|Any CPU.ActiveCfg = Release|Any CPU
		{809E0E60-D2F5-BA37-F505-3EB7819FE3A7}.Release|Any CPU.Build.0 = Release|Any CPU
		{7BB0A8CD-F6FF-039D-24FD-72116B1BFD5F}.Debug|Any CPU.ActiveCfg = Debug|Any CPU
		{7BB0A8CD-F6FF-039D-24FD-72116B1BFD5F}.Debug|Any CPU.Build.0 = Debug|Any CPU
		{7BB0A8CD-F6FF-039D-24FD-72116B1BFD5F}.Release|Any CPU.ActiveCfg = Release|Any CPU
		{7BB0A8CD-F6FF-039D-24FD-72116B1BFD5F}.Release|Any CPU.Build.0 = Release|Any CPU
		{CD007F46-6DB1-0C7B-D62B-19E5664F182E}.Debug|Any CPU.ActiveCfg = Debug|Any CPU
		{CD007F46-6DB1-0C7B-D62B-19E5664F182E}.Debug|Any CPU.Build.0 = Debug|Any CPU
		{CD007F46-6DB1-0C7B-D62B-19E5664F182E}.Release|Any CPU.ActiveCfg = Release|Any CPU
		{CD007F46-6DB1-0C7B-D62B-19E5664F182E}.Release|Any CPU.Build.0 = Release|Any CPU
		{1884E4C4-6648-30CA-3403-F5A551E07D8E}.Debug|Any CPU.ActiveCfg = Debug|Any CPU
		{1884E4C4-6648-30CA-3403-F5A551E07D8E}.Debug|Any CPU.Build.0 = Debug|Any CPU
		{1884E4C4-6648-30CA-3403-F5A551E07D8E}.Release|Any CPU.ActiveCfg = Release|Any CPU
		{1884E4C4-6648-30CA-3403-F5A551E07D8E}.Release|Any CPU.Build.0 = Release|Any CPU
		{EBB520FA-9BBB-8085-CBC8-E29E99CFF38D}.Debug|Any CPU.ActiveCfg = Debug|Any CPU
		{EBB520FA-9BBB-8085-CBC8-E29E99CFF38D}.Debug|Any CPU.Build.0 = Debug|Any CPU
		{EBB520FA-9BBB-8085-CBC8-E29E99CFF38D}.Release|Any CPU.ActiveCfg = Release|Any CPU
		{EBB520FA-9BBB-8085-CBC8-E29E99CFF38D}.Release|Any CPU.Build.0 = Release|Any CPU
		{49821FFE-B038-AA1C-CCF2-09A81CC1A602}.Debug|Any CPU.ActiveCfg = Debug|Any CPU
		{49821FFE-B038-AA1C-CCF2-09A81CC1A602}.Debug|Any CPU.Build.0 = Debug|Any CPU
		{49821FFE-B038-AA1C-CCF2-09A81CC1A602}.Release|Any CPU.ActiveCfg = Release|Any CPU
		{49821FFE-B038-AA1C-CCF2-09A81CC1A602}.Release|Any CPU.Build.0 = Release|Any CPU
		{21523E69-A8D0-B578-36CD-F61BA0C4754F}.Debug|Any CPU.ActiveCfg = Debug|Any CPU
		{21523E69-A8D0-B578-36CD-F61BA0C4754F}.Debug|Any CPU.Build.0 = Debug|Any CPU
		{21523E69-A8D0-B578-36CD-F61BA0C4754F}.Release|Any CPU.ActiveCfg = Release|Any CPU
		{21523E69-A8D0-B578-36CD-F61BA0C4754F}.Release|Any CPU.Build.0 = Release|Any CPU
		{EB67D705-1424-832C-5199-0E116019A194}.Debug|Any CPU.ActiveCfg = Debug|Any CPU
		{EB67D705-1424-832C-5199-0E116019A194}.Debug|Any CPU.Build.0 = Debug|Any CPU
		{EB67D705-1424-832C-5199-0E116019A194}.Release|Any CPU.ActiveCfg = Release|Any CPU
		{EB67D705-1424-832C-5199-0E116019A194}.Release|Any CPU.Build.0 = Release|Any CPU
		{03B067E7-0D58-B328-230F-5D2B126A5617}.Debug|Any CPU.ActiveCfg = Debug|Any CPU
		{03B067E7-0D58-B328-230F-5D2B126A5617}.Debug|Any CPU.Build.0 = Debug|Any CPU
		{03B067E7-0D58-B328-230F-5D2B126A5617}.Release|Any CPU.ActiveCfg = Release|Any CPU
		{03B067E7-0D58-B328-230F-5D2B126A5617}.Release|Any CPU.Build.0 = Release|Any CPU
		{F5620767-C326-F114-DFA3-C83ECE7A9DAE}.Debug|Any CPU.ActiveCfg = Debug|Any CPU
		{F5620767-C326-F114-DFA3-C83ECE7A9DAE}.Debug|Any CPU.Build.0 = Debug|Any CPU
		{F5620767-C326-F114-DFA3-C83ECE7A9DAE}.Release|Any CPU.ActiveCfg = Release|Any CPU
		{F5620767-C326-F114-DFA3-C83ECE7A9DAE}.Release|Any CPU.Build.0 = Release|Any CPU
		{6D44A319-87F3-42AA-ED89-2FCB52FAA76C}.Debug|Any CPU.ActiveCfg = Debug|Any CPU
		{6D44A319-87F3-42AA-ED89-2FCB52FAA76C}.Debug|Any CPU.Build.0 = Debug|Any CPU
		{6D44A319-87F3-42AA-ED89-2FCB52FAA76C}.Release|Any CPU.ActiveCfg = Release|Any CPU
		{6D44A319-87F3-42AA-ED89-2FCB52FAA76C}.Release|Any CPU.Build.0 = Release|Any CPU
		{6536C6D0-CA40-B457-363D-0AE800C9C0D3}.Debug|Any CPU.ActiveCfg = Debug|Any CPU
		{6536C6D0-CA40-B457-363D-0AE800C9C0D3}.Debug|Any CPU.Build.0 = Debug|Any CPU
		{6536C6D0-CA40-B457-363D-0AE800C9C0D3}.Release|Any CPU.ActiveCfg = Release|Any CPU
		{6536C6D0-CA40-B457-363D-0AE800C9C0D3}.Release|Any CPU.Build.0 = Release|Any CPU
		{0669BC7C-1A49-638D-D34E-1E25ADAB07B2}.Debug|Any CPU.ActiveCfg = Debug|Any CPU
		{0669BC7C-1A49-638D-D34E-1E25ADAB07B2}.Debug|Any CPU.Build.0 = Debug|Any CPU
		{0669BC7C-1A49-638D-D34E-1E25ADAB07B2}.Release|Any CPU.ActiveCfg = Release|Any CPU
		{0669BC7C-1A49-638D-D34E-1E25ADAB07B2}.Release|Any CPU.Build.0 = Release|Any CPU
		{32DB57EB-6C07-07D2-23F8-E27715BC07F0}.Debug|Any CPU.ActiveCfg = Debug|Any CPU
		{32DB57EB-6C07-07D2-23F8-E27715BC07F0}.Debug|Any CPU.Build.0 = Debug|Any CPU
		{32DB57EB-6C07-07D2-23F8-E27715BC07F0}.Release|Any CPU.ActiveCfg = Release|Any CPU
		{32DB57EB-6C07-07D2-23F8-E27715BC07F0}.Release|Any CPU.Build.0 = Release|Any CPU
		{39480644-FE06-53C2-2A05-AC916A2C8034}.Debug|Any CPU.ActiveCfg = Debug|Any CPU
		{39480644-FE06-53C2-2A05-AC916A2C8034}.Debug|Any CPU.Build.0 = Debug|Any CPU
		{39480644-FE06-53C2-2A05-AC916A2C8034}.Release|Any CPU.ActiveCfg = Release|Any CPU
		{39480644-FE06-53C2-2A05-AC916A2C8034}.Release|Any CPU.Build.0 = Release|Any CPU
		{77D35031-059B-C6F8-6A06-D8E83D689549}.Debug|Any CPU.ActiveCfg = Debug|Any CPU
		{77D35031-059B-C6F8-6A06-D8E83D689549}.Debug|Any CPU.Build.0 = Debug|Any CPU
		{77D35031-059B-C6F8-6A06-D8E83D689549}.Release|Any CPU.ActiveCfg = Release|Any CPU
		{77D35031-059B-C6F8-6A06-D8E83D689549}.Release|Any CPU.Build.0 = Release|Any CPU
		{B7D44548-B687-ED5E-B877-E8713C78F1E9}.Debug|Any CPU.ActiveCfg = Debug|Any CPU
		{B7D44548-B687-ED5E-B877-E8713C78F1E9}.Debug|Any CPU.Build.0 = Debug|Any CPU
		{B7D44548-B687-ED5E-B877-E8713C78F1E9}.Release|Any CPU.ActiveCfg = Release|Any CPU
		{B7D44548-B687-ED5E-B877-E8713C78F1E9}.Release|Any CPU.Build.0 = Release|Any CPU
		{F75E623C-101F-3399-F949-A36D1BF14F47}.Debug|Any CPU.ActiveCfg = Debug|Any CPU
		{F75E623C-101F-3399-F949-A36D1BF14F47}.Debug|Any CPU.Build.0 = Debug|Any CPU
		{F75E623C-101F-3399-F949-A36D1BF14F47}.Release|Any CPU.ActiveCfg = Release|Any CPU
		{F75E623C-101F-3399-F949-A36D1BF14F47}.Release|Any CPU.Build.0 = Release|Any CPU
	EndGlobalSection
	GlobalSection(SolutionProperties) = preSolution
		HideSolutionNode = FALSE
	EndGlobalSection
EndGlobal
